
Microsoft Visual Studio Solution File, Format Version 12.00
Project("{FAE04EC0-301F-11D3-BF4B-00C04F79EFBC}") = "BeatsaberVulkan", "BeatsaberVulkan\BeatsaberVulkan.csproj", "{F227D614-9F23-4A4A-8560-F6129AA59EA4}"
EndProject
Global
	GlobalSection(SolutionConfigurationPlatforms) = preSolution
		Debug|Any CPU = Debug|Any CPU
		Release|Any CPU = Release|Any CPU
	EndGlobalSection
	GlobalSection(ProjectConfigurationPlatforms) = postSolution
		{F227D614-9F23-4A4A-8560-F6129AA59EA4}.Debug|Any CPU.ActiveCfg = Debug|Any CPU
		{F227D614-9F23-4A4A-8560-F6129AA59EA4}.Debug|Any CPU.Build.0 = Debug|Any CPU
		{F227D614-9F23-4A4A-8560-F6129AA59EA4}.Release|Any CPU.ActiveCfg = Release|Any CPU
		{F227D614-9F23-4A4A-8560-F6129AA59EA4}.Release|Any CPU.Build.0 = Release|Any CPU
	EndGlobalSection
EndGlobal
